
Microsoft Visual Studio Solution File, Format Version 12.00
# Visual Studio Version 17
VisualStudioVersion = 17.2.32630.192
MinimumVisualStudioVersion = 10.0.40219.1
Project("{FAE04EC0-301F-11D3-BF4B-00C04F79EFBC}") = "Lesson2", "Lesson2\Lesson2.csproj", "{136E7D86-8C7E-406A-90A6-AEF8D51CC5F7}"
EndProject
Global
	GlobalSection(SolutionConfigurationPlatforms) = preSolution
		Debug|Any CPU = Debug|Any CPU
		Release|Any CPU = Release|Any CPU
	EndGlobalSection
	GlobalSection(ProjectConfigurationPlatforms) = postSolution
		{136E7D86-8C7E-406A-90A6-AEF8D51CC5F7}.Debug|Any CPU.ActiveCfg = Debug|Any CPU
		{136E7D86-8C7E-406A-90A6-AEF8D51CC5F7}.Debug|Any CPU.Build.0 = Debug|Any CPU
		{136E7D86-8C7E-406A-90A6-AEF8D51CC5F7}.Release|Any CPU.ActiveCfg = Release|Any CPU
		{136E7D86-8C7E-406A-90A6-AEF8D51CC5F7}.Release|Any CPU.Build.0 = Release|Any CPU
	EndGlobalSection
	GlobalSection(SolutionProperties) = preSolution
		HideSolutionNode = FALSE
	EndGlobalSection
	GlobalSection(ExtensibilityGlobals) = postSolution
		SolutionGuid = {261731D5-845A-4EB0-9E7D-A96C1DC2CC4C}
	EndGlobalSection
EndGlobal
